
Microsoft Visual Studio Solution File, Format Version 12.00
# Visual Studio Version 17
VisualStudioVersion = 17.3.32825.248
MinimumVisualStudioVersion = 10.0.40219.1
Project("{9A19103F-16F7-4668-BE54-9A1E7A4F7556}") = "IT 326 - Planner Application", "IT 326 - Planner Application\IT 326 - Planner Application.csproj", "{A34AF411-004F-41F8-9F4A-9B5C725AD202}"
EndProject
Project("{9A19103F-16F7-4668-BE54-9A1E7A4F7556}") = "PlannerTesting", "PlannerTesting\PlannerTesting.csproj", "{67AFFC7F-DDEC-4187-8301-722032E0B7B9}"
EndProject
Project("{9A19103F-16F7-4668-BE54-9A1E7A4F7556}") = "QuillControl", "QuillControl\QuillControl.csproj", "{0AFA8DDB-AF12-4266-8DC3-4652A19F9A53}"
EndProject
Global
	GlobalSection(SolutionConfigurationPlatforms) = preSolution
		Debug|Any CPU = Debug|Any CPU
		Release|Any CPU = Release|Any CPU
	EndGlobalSection
	GlobalSection(ProjectConfigurationPlatforms) = postSolution
		{A34AF411-004F-41F8-9F4A-9B5C725AD202}.Debug|Any CPU.ActiveCfg = Debug|Any CPU
		{A34AF411-004F-41F8-9F4A-9B5C725AD202}.Debug|Any CPU.Build.0 = Debug|Any CPU
		{A34AF411-004F-41F8-9F4A-9B5C725AD202}.Release|Any CPU.ActiveCfg = Release|Any CPU
		{A34AF411-004F-41F8-9F4A-9B5C725AD202}.Release|Any CPU.Build.0 = Release|Any CPU
		{67AFFC7F-DDEC-4187-8301-722032E0B7B9}.Debug|Any CPU.ActiveCfg = Debug|Any CPU
		{67AFFC7F-DDEC-4187-8301-722032E0B7B9}.Debug|Any CPU.Build.0 = Debug|Any CPU
		{67AFFC7F-DDEC-4187-8301-722032E0B7B9}.Release|Any CPU.ActiveCfg = Release|Any CPU
		{67AFFC7F-DDEC-4187-8301-722032E0B7B9}.Release|Any CPU.Build.0 = Release|Any CPU
		{0AFA8DDB-AF12-4266-8DC3-4652A19F9A53}.Debug|Any CPU.ActiveCfg = Debug|Any CPU
		{0AFA8DDB-AF12-4266-8DC3-4652A19F9A53}.Debug|Any CPU.Build.0 = Debug|Any CPU
		{0AFA8DDB-AF12-4266-8DC3-4652A19F9A53}.Release|Any CPU.ActiveCfg = Release|Any CPU
		{0AFA8DDB-AF12-4266-8DC3-4652A19F9A53}.Release|Any CPU.Build.0 = Release|Any CPU
	EndGlobalSection
	GlobalSection(SolutionProperties) = preSolution
		HideSolutionNode = FALSE
	EndGlobalSection
	GlobalSection(ExtensibilityGlobals) = postSolution
		SolutionGuid = {D8EE67B9-4AED-479B-9066-6D4C241F2CDC}
	EndGlobalSection
EndGlobal
